// !$*UTF8*$!
{
	archiveVersion = 1;
	classes = {
	};
	objectVersion = 56;
	objects = {

/* Begin PBXBuildFile section */
		AF1A84D12BBD9DE100CC207A /* AppDelegate.swift in Sources */ = {isa = PBXBuildFile; fileRef = AF1A84D02BBD9DE100CC207A /* AppDelegate.swift */; };
		AF1A84D32BBD9DE100CC207A /* SceneDelegate.swift in Sources */ = {isa = PBXBuildFile; fileRef = AF1A84D22BBD9DE100CC207A /* SceneDelegate.swift */; };
		AF1A84D52BBD9DE100CC207A /* ViewController.swift in Sources */ = {isa = PBXBuildFile; fileRef = AF1A84D42BBD9DE100CC207A /* ViewController.swift */; };
		AF1A84D82BBD9DE100CC207A /* Main.storyboard in Resources */ = {isa = PBXBuildFile; fileRef = AF1A84D62BBD9DE100CC207A /* Main.storyboard */; };
		AF1A84DA2BBD9DE400CC207A /* Assets.xcassets in Resources */ = {isa = PBXBuildFile; fileRef = AF1A84D92BBD9DE400CC207A /* Assets.xcassets */; };
		AF1A84DD2BBD9DE400CC207A /* LaunchScreen.storyboard in Resources */ = {isa = PBXBuildFile; fileRef = AF1A84DB2BBD9DE400CC207A /* LaunchScreen.storyboard */; };
		AF1A84E82BBFE3DD00CC207A /* Cyripto.swift in Sources */ = {isa = PBXBuildFile; fileRef = AF1A84E72BBFE3DD00CC207A /* Cyripto.swift */; };
		AF420F432BC0128D005C9331 /* WebService.swift in Sources */ = {isa = PBXBuildFile; fileRef = AF420F422BC0128D005C9331 /* WebService.swift */; };
		AF420F452BC040FF005C9331 /* CyriptoViewModel.swift in Sources */ = {isa = PBXBuildFile; fileRef = AF420F442BC040FF005C9331 /* CyriptoViewModel.swift */; };
		AF420F542BC045FD005C9331 /* RxSwift in Frameworks */ = {isa = PBXBuildFile; productRef = AF420F532BC045FD005C9331 /* RxSwift */; };
		AF420F602BC053DF005C9331 /* RxCocoa in Frameworks */ = {isa = PBXBuildFile; productRef = AF420F5F2BC053DF005C9331 /* RxCocoa */; };
		AF95B4F62BC1338600AA690B /* CyriptoTableViewCell.swift in Sources */ = {isa = PBXBuildFile; fileRef = AF95B4F52BC1338600AA690B /* CyriptoTableViewCell.swift */; };
/* End PBXBuildFile section */

/* Begin PBXFileReference section */
		AF1A84CD2BBD9DE100CC207A /* mssCyriptex.app */ = {isa = PBXFileReference; explicitFileType = wrapper.application; includeInIndex = 0; path = mssCyriptex.app; sourceTree = BUILT_PRODUCTS_DIR; };
		AF1A84D02BBD9DE100CC207A /* AppDelegate.swift */ = {isa = PBXFileReference; lastKnownFileType = sourcecode.swift; path = AppDelegate.swift; sourceTree = "<group>"; };
		AF1A84D22BBD9DE100CC207A /* SceneDelegate.swift */ = {isa = PBXFileReference; lastKnownFileType = sourcecode.swift; path = SceneDelegate.swift; sourceTree = "<group>"; };
		AF1A84D42BBD9DE100CC207A /* ViewController.swift */ = {isa = PBXFileReference; lastKnownFileType = sourcecode.swift; path = ViewController.swift; sourceTree = "<group>"; };
		AF1A84D72BBD9DE100CC207A /* Base */ = {isa = PBXFileReference; lastKnownFileType = file.storyboard; name = Base; path = Base.lproj/Main.storyboard; sourceTree = "<group>"; };
		AF1A84D92BBD9DE400CC207A /* Assets.xcassets */ = {isa = PBXFileReference; lastKnownFileType = folder.assetcatalog; path = Assets.xcassets; sourceTree = "<group>"; };
		AF1A84DC2BBD9DE400CC207A /* Base */ = {isa = PBXFileReference; lastKnownFileType = file.storyboard; name = Base; path = Base.lproj/LaunchScreen.storyboard; sourceTree = "<group>"; };
		AF1A84DE2BBD9DE400CC207A /* Info.plist */ = {isa = PBXFileReference; lastKnownFileType = text.plist.xml; path = Info.plist; sourceTree = "<group>"; };
		AF1A84E72BBFE3DD00CC207A /* Cyripto.swift */ = {isa = PBXFileReference; lastKnownFileType = sourcecode.swift; path = Cyripto.swift; sourceTree = "<group>"; };
		AF420F422BC0128D005C9331 /* WebService.swift */ = {isa = PBXFileReference; lastKnownFileType = sourcecode.swift; path = WebService.swift; sourceTree = "<group>"; };
		AF420F442BC040FF005C9331 /* CyriptoViewModel.swift */ = {isa = PBXFileReference; lastKnownFileType = sourcecode.swift; path = CyriptoViewModel.swift; sourceTree = "<group>"; };
		AF95B4F52BC1338600AA690B /* CyriptoTableViewCell.swift */ = {isa = PBXFileReference; lastKnownFileType = sourcecode.swift; path = CyriptoTableViewCell.swift; sourceTree = "<group>"; };
/* End PBXFileReference section */

/* Begin PBXFrameworksBuildPhase section */
		AF1A84CA2BBD9DE100CC207A /* Frameworks */ = {
			isa = PBXFrameworksBuildPhase;
			buildActionMask = 2147483647;
			files = (
				AF420F602BC053DF005C9331 /* RxCocoa in Frameworks */,
				AF420F542BC045FD005C9331 /* RxSwift in Frameworks */,
			);
			runOnlyForDeploymentPostprocessing = 0;
		};
/* End PBXFrameworksBuildPhase section */

/* Begin PBXGroup section */
		AF1A84C42BBD9DE100CC207A = {
			isa = PBXGroup;
			children = (
				AF1A84CF2BBD9DE100CC207A /* mssCyriptex */,
				AF1A84CE2BBD9DE100CC207A /* Products */,
			);
			sourceTree = "<group>";
		};
		AF1A84CE2BBD9DE100CC207A /* Products */ = {
			isa = PBXGroup;
			children = (
				AF1A84CD2BBD9DE100CC207A /* mssCyriptex.app */,
			);
			name = Products;
			sourceTree = "<group>";
		};
		AF1A84CF2BBD9DE100CC207A /* mssCyriptex */ = {
			isa = PBXGroup;
			children = (
				AF420F412BC0127D005C9331 /* Service */,
				AF1A84E62BBEC53000CC207A /* Model */,
				AF1A84E52BBEC52500CC207A /* ViewModel */,
				AF1A84E42BBEC51F00CC207A /* View */,
				AF1A84D62BBD9DE100CC207A /* Main.storyboard */,
				AF1A84D92BBD9DE400CC207A /* Assets.xcassets */,
				AF1A84DB2BBD9DE400CC207A /* LaunchScreen.storyboard */,
				AF1A84DE2BBD9DE400CC207A /* Info.plist */,
			);
			path = mssCyriptex;
			sourceTree = "<group>";
		};
		AF1A84E42BBEC51F00CC207A /* View */ = {
			isa = PBXGroup;
			children = (
				AF1A84D02BBD9DE100CC207A /* AppDelegate.swift */,
				AF1A84D22BBD9DE100CC207A /* SceneDelegate.swift */,
				AF1A84D42BBD9DE100CC207A /* ViewController.swift */,
				AF95B4F52BC1338600AA690B /* CyriptoTableViewCell.swift */,
			);
			path = View;
			sourceTree = "<group>";
		};
		AF1A84E52BBEC52500CC207A /* ViewModel */ = {
			isa = PBXGroup;
			children = (
				AF420F442BC040FF005C9331 /* CyriptoViewModel.swift */,
			);
			path = ViewModel;
			sourceTree = "<group>";
		};
		AF1A84E62BBEC53000CC207A /* Model */ = {
			isa = PBXGroup;
			children = (
				AF1A84E72BBFE3DD00CC207A /* Cyripto.swift */,
			);
			path = Model;
			sourceTree = "<group>";
		};
		AF420F412BC0127D005C9331 /* Service */ = {
			isa = PBXGroup;
			children = (
				AF420F422BC0128D005C9331 /* WebService.swift */,
			);
			path = Service;
			sourceTree = "<group>";
		};
/* End PBXGroup section */

/* Begin PBXNativeTarget section */
		AF1A84CC2BBD9DE100CC207A /* mssCyriptex */ = {
			isa = PBXNativeTarget;
			buildConfigurationList = AF1A84E12BBD9DE400CC207A /* Build configuration list for PBXNativeTarget "mssCyriptex" */;
			buildPhases = (
				AF1A84C92BBD9DE100CC207A /* Sources */,
				AF1A84CA2BBD9DE100CC207A /* Frameworks */,
				AF1A84CB2BBD9DE100CC207A /* Resources */,
			);
			buildRules = (
			);
			dependencies = (
			);
			name = mssCyriptex;
			packageProductDependencies = (
				AF420F532BC045FD005C9331 /* RxSwift */,
				AF420F5F2BC053DF005C9331 /* RxCocoa */,
			);
			productName = mssCyriptex;
			productReference = AF1A84CD2BBD9DE100CC207A /* mssCyriptex.app */;
			productType = "com.apple.product-type.application";
		};
/* End PBXNativeTarget section */

/* Begin PBXProject section */
		AF1A84C52BBD9DE100CC207A /* Project object */ = {
			isa = PBXProject;
			attributes = {
				BuildIndependentTargetsInParallel = 1;
				LastSwiftUpdateCheck = 1520;
				LastUpgradeCheck = 1520;
				TargetAttributes = {
					AF1A84CC2BBD9DE100CC207A = {
						CreatedOnToolsVersion = 15.2;
					};
				};
			};
			buildConfigurationList = AF1A84C82BBD9DE100CC207A /* Build configuration list for PBXProject "mssCyriptex" */;
			compatibilityVersion = "Xcode 14.0";
			developmentRegion = en;
			hasScannedForEncodings = 0;
			knownRegions = (
				en,
				Base,
			);
			mainGroup = AF1A84C42BBD9DE100CC207A;
			packageReferences = (
				AF420F462BC045FD005C9331 /* XCRemoteSwiftPackageReference "RxSwift" */,
			);
			productRefGroup = AF1A84CE2BBD9DE100CC207A /* Products */;
			projectDirPath = "";
			projectRoot = "";
			targets = (
				AF1A84CC2BBD9DE100CC207A /* mssCyriptex */,
			);
		};
/* End PBXProject section */

/* Begin PBXResourcesBuildPhase section */
		AF1A84CB2BBD9DE100CC207A /* Resources */ = {
			isa = PBXResourcesBuildPhase;
			buildActionMask = 2147483647;
			files = (
				AF1A84DD2BBD9DE400CC207A /* LaunchScreen.storyboard in Resources */,
				AF1A84DA2BBD9DE400CC207A /* Assets.xcassets in Resources */,
				AF1A84D82BBD9DE100CC207A /* Main.storyboard in Resources */,
			);
			runOnlyForDeploymentPostprocessing = 0;
		};
/* End PBXResourcesBuildPhase section */

/* Begin PBXSourcesBuildPhase section */
		AF1A84C92BBD9DE100CC207A /* Sources */ = {
			isa = PBXSourcesBuildPhase;
			buildActionMask = 2147483647;
			files = (
				AF95B4F62BC1338600AA690B /* CyriptoTableViewCell.swift in Sources */,
				AF1A84D52BBD9DE100CC207A /* ViewController.swift in Sources */,
				AF420F452BC040FF005C9331 /* CyriptoViewModel.swift in Sources */,
				AF1A84D12BBD9DE100CC207A /* AppDelegate.swift in Sources */,
				AF1A84E82BBFE3DD00CC207A /* Cyripto.swift in Sources */,
				AF420F432BC0128D005C9331 /* WebService.swift in Sources */,
				AF1A84D32BBD9DE100CC207A /* SceneDelegate.swift in Sources */,
			);
			runOnlyForDeploymentPostprocessing = 0;
		};
/* End PBXSourcesBuildPhase section */

/* Begin PBXVariantGroup section */
		AF1A84D62BBD9DE100CC207A /* Main.storyboard */ = {
			isa = PBXVariantGroup;
			children = (
				AF1A84D72BBD9DE100CC207A /* Base */,
			);
			name = Main.storyboard;
			sourceTree = "<group>";
		};
		AF1A84DB2BBD9DE400CC207A /* LaunchScreen.storyboard */ = {
			isa = PBXVariantGroup;
			children = (
				AF1A84DC2BBD9DE400CC207A /* Base */,
			);
			name = LaunchScreen.storyboard;
			sourceTree = "<group>";
		};
/* End PBXVariantGroup section */

/* Begin XCBuildConfiguration section */
		AF1A84DF2BBD9DE400CC207A /* Debug */ = {
			isa = XCBuildConfiguration;
			buildSettings = {
				ALWAYS_SEARCH_USER_PATHS = NO;
				ASSETCATALOG_COMPILER_GENERATE_SWIFT_ASSET_SYMBOL_EXTENSIONS = YES;
				CLANG_ANALYZER_NONNULL = YES;
				CLANG_ANALYZER_NUMBER_OBJECT_CONVERSION = YES_AGGRESSIVE;
				CLANG_CXX_LANGUAGE_STANDARD = "gnu++20";
				CLANG_ENABLE_MODULES = YES;
				CLANG_ENABLE_OBJC_ARC = YES;
				CLANG_ENABLE_OBJC_WEAK = YES;
				CLANG_WARN_BLOCK_CAPTURE_AUTORELEASING = YES;
				CLANG_WARN_BOOL_CONVERSION = YES;
				CLANG_WARN_COMMA = YES;
				CLANG_WARN_CONSTANT_CONVERSION = YES;
				CLANG_WARN_DEPRECATED_OBJC_IMPLEMENTATIONS = YES;
				CLANG_WARN_DIRECT_OBJC_ISA_USAGE = YES_ERROR;
				CLANG_WARN_DOCUMENTATION_COMMENTS = YES;
				CLANG_WARN_EMPTY_BODY = YES;
				CLANG_WARN_ENUM_CONVERSION = YES;
				CLANG_WARN_INFINITE_RECURSION = YES;
				CLANG_WARN_INT_CONVERSION = YES;
				CLANG_WARN_NON_LITERAL_NULL_CONVERSION = YES;
				CLANG_WARN_OBJC_IMPLICIT_RETAIN_SELF = YES;
				CLANG_WARN_OBJC_LITERAL_CONVERSION = YES;
				CLANG_WARN_OBJC_ROOT_CLASS = YES_ERROR;
				CLANG_WARN_QUOTED_INCLUDE_IN_FRAMEWORK_HEADER = YES;
				CLANG_WARN_RANGE_LOOP_ANALYSIS = YES;
				CLANG_WARN_STRICT_PROTOTYPES = YES;
				CLANG_WARN_SUSPICIOUS_MOVE = YES;
				CLANG_WARN_UNGUARDED_AVAILABILITY = YES_AGGRESSIVE;
				CLANG_WARN_UNREACHABLE_CODE = YES;
				CLANG_WARN__DUPLICATE_METHOD_MATCH = YES;
				COPY_PHASE_STRIP = NO;
				DEBUG_INFORMATION_FORMAT = dwarf;
				ENABLE_STRICT_OBJC_MSGSEND = YES;
				ENABLE_TESTABILITY = YES;
				ENABLE_USER_SCRIPT_SANDBOXING = YES;
				GCC_C_LANGUAGE_STANDARD = gnu17;
				GCC_DYNAMIC_NO_PIC = NO;
				GCC_NO_COMMON_BLOCKS = YES;
				GCC_OPTIMIZATION_LEVEL = 0;
				GCC_PREPROCESSOR_DEFINITIONS = (
					"DEBUG=1",
					"$(inherited)",
				);
				GCC_WARN_64_TO_32_BIT_CONVERSION = YES;
				GCC_WARN_ABOUT_RETURN_TYPE = YES_ERROR;
				GCC_WARN_UNDECLARED_SELECTOR = YES;
				GCC_WARN_UNINITIALIZED_AUTOS = YES_AGGRESSIVE;
				GCC_WARN_UNUSED_FUNCTION = YES;
				GCC_WARN_UNUSED_VARIABLE = YES;
				IPHONEOS_DEPLOYMENT_TARGET = 17.2;
				LOCALIZATION_PREFERS_STRING_CATALOGS = YES;
				MTL_ENABLE_DEBUG_INFO = INCLUDE_SOURCE;
				MTL_FAST_MATH = YES;
				ONLY_ACTIVE_ARCH = YES;
				SDKROOT = iphoneos;
				SWIFT_ACTIVE_COMPILATION_CONDITIONS = "DEBUG $(inherited)";
				SWIFT_OPTIMIZATION_LEVEL = "-Onone";
			};
			name = Debug;
		};
		AF1A84E02BBD9DE400CC207A /* Release */ = {
			isa = XCBuildConfiguration;
			buildSettings = {
				ALWAYS_SEARCH_USER_PATHS = NO;
				ASSETCATALOG_COMPILER_GENERATE_SWIFT_ASSET_SYMBOL_EXTENSIONS = YES;
				CLANG_ANALYZER_NONNULL = YES;
				CLANG_ANALYZER_NUMBER_OBJECT_CONVERSION = YES_AGGRESSIVE;
				CLANG_CXX_LANGUAGE_STANDARD = "gnu++20";
				CLANG_ENABLE_MODULES = YES;
				CLANG_ENABLE_OBJC_ARC = YES;
				CLANG_ENABLE_OBJC_WEAK = YES;
				CLANG_WARN_BLOCK_CAPTURE_AUTORELEASING = YES;
				CLANG_WARN_BOOL_CONVERSION = YES;
				CLANG_WARN_COMMA = YES;
				CLANG_WARN_CONSTANT_CONVERSION = YES;
				CLANG_WARN_DEPRECATED_OBJC_IMPLEMENTATIONS = YES;
				CLANG_WARN_DIRECT_OBJC_ISA_USAGE = YES_ERROR;
				CLANG_WARN_DOCUMENTATION_COMMENTS = YES;
				CLANG_WARN_EMPTY_BODY = YES;
				CLANG_WARN_ENUM_CONVERSION = YES;
				CLANG_WARN_INFINITE_RECURSION = YES;
				CLANG_WARN_INT_CONVERSION = YES;
				CLANG_WARN_NON_LITERAL_NULL_CONVERSION = YES;
				CLANG_WARN_OBJC_IMPLICIT_RETAIN_SELF = YES;
				CLANG_WARN_OBJC_LITERAL_CONVERSION = YES;
				CLANG_WARN_OBJC_ROOT_CLASS = YES_ERROR;
				CLANG_WARN_QUOTED_INCLUDE_IN_FRAMEWORK_HEADER = YES;
				CLANG_WARN_RANGE_LOOP_ANALYSIS = YES;
				CLANG_WARN_STRICT_PROTOTYPES = YES;
				CLANG_WARN_SUSPICIOUS_MOVE = YES;
				CLANG_WARN_UNGUARDED_AVAILABILITY = YES_AGGRESSIVE;
				CLANG_WARN_UNREACHABLE_CODE = YES;
				CLANG_WARN__DUPLICATE_METHOD_MATCH = YES;
				COPY_PHASE_STRIP = NO;
				DEBUG_INFORMATION_FORMAT = "dwarf-with-dsym";
				ENABLE_NS_ASSERTIONS = NO;
				ENABLE_STRICT_OBJC_MSGSEND = YES;
				ENABLE_USER_SCRIPT_SANDBOXING = YES;
				GCC_C_LANGUAGE_STANDARD = gnu17;
				GCC_NO_COMMON_BLOCKS = YES;
				GCC_WARN_64_TO_32_BIT_CONVERSION = YES;
				GCC_WARN_ABOUT_RETURN_TYPE = YES_ERROR;
				GCC_WARN_UNDECLARED_SELECTOR = YES;
				GCC_WARN_UNINITIALIZED_AUTOS = YES_AGGRESSIVE;
				GCC_WARN_UNUSED_FUNCTION = YES;
				GCC_WARN_UNUSED_VARIABLE = YES;
				IPHONEOS_DEPLOYMENT_TARGET = 17.2;
				LOCALIZATION_PREFERS_STRING_CATALOGS = YES;
				MTL_ENABLE_DEBUG_INFO = NO;
				MTL_FAST_MATH = YES;
				SDKROOT = iphoneos;
				SWIFT_COMPILATION_MODE = wholemodule;
				VALIDATE_PRODUCT = YES;
			};
			name = Release;
		};
		AF1A84E22BBD9DE400CC207A /* Debug */ = {
			isa = XCBuildConfiguration;
			buildSettings = {
				ASSETCATALOG_COMPILER_APPICON_NAME = AppIcon;
				ASSETCATALOG_COMPILER_GLOBAL_ACCENT_COLOR_NAME = AccentColor;
				CODE_SIGN_STYLE = Automatic;
				CURRENT_PROJECT_VERSION = 1;
				DEVELOPMENT_TEAM = 5LZ6PMQFFM;
				GENERATE_INFOPLIST_FILE = YES;
				INFOPLIST_FILE = mssCyriptex/Info.plist;
				INFOPLIST_KEY_UIApplicationSupportsIndirectInputEvents = YES;
				INFOPLIST_KEY_UILaunchStoryboardName = LaunchScreen;
				INFOPLIST_KEY_UIMainStoryboardFile = Main;
				INFOPLIST_KEY_UISupportedInterfaceOrientations_iPad = "UIInterfaceOrientationPortrait UIInterfaceOrientationPortraitUpsideDown UIInterfaceOrientationLandscapeLeft UIInterfaceOrientationLandscapeRight";
				INFOPLIST_KEY_UISupportedInterfaceOrientations_iPhone = "UIInterfaceOrientationPortrait UIInterfaceOrientationLandscapeLeft UIInterfaceOrientationLandscapeRight";
				LD_RUNPATH_SEARCH_PATHS = (
					"$(inherited)",
					"@executable_path/Frameworks",
				);
				MARKETING_VERSION = 1.0;
				PRODUCT_BUNDLE_IDENTIFIER = tr.com.ahmetazak.mssCyriptex;
				PRODUCT_NAME = "$(TARGET_NAME)";
				SWIFT_EMIT_LOC_STRINGS = YES;
				SWIFT_VERSION = 5.0;
				TARGETED_DEVICE_FAMILY = "1,2";
			};
			name = Debug;
		};
		AF1A84E32BBD9DE400CC207A /* Release */ = {
			isa = XCBuildConfiguration;
			buildSettings = {
				ASSETCATALOG_COMPILER_APPICON_NAME = AppIcon;
				ASSETCATALOG_COMPILER_GLOBAL_ACCENT_COLOR_NAME = AccentColor;
				CODE_SIGN_STYLE = Automatic;
				CURRENT_PROJECT_VERSION = 1;
				DEVELOPMENT_TEAM = 5LZ6PMQFFM;
				GENERATE_INFOPLIST_FILE = YES;
				INFOPLIST_FILE = mssCyriptex/Info.plist;
				INFOPLIST_KEY_UIApplicationSupportsIndirectInputEvents = YES;
				INFOPLIST_KEY_UILaunchStoryboardName = LaunchScreen;
				INFOPLIST_KEY_UIMainStoryboardFile = Main;
				INFOPLIST_KEY_UISupportedInterfaceOrientations_iPad = "UIInterfaceOrientationPortrait UIInterfaceOrientationPortraitUpsideDown UIInterfaceOrientationLandscapeLeft UIInterfaceOrientationLandscapeRight";
				INFOPLIST_KEY_UISupportedInterfaceOrientations_iPhone = "UIInterfaceOrientationPortrait UIInterfaceOrientationLandscapeLeft UIInterfaceOrientationLandscapeRight";
				LD_RUNPATH_SEARCH_PATHS = (
					"$(inherited)",
					"@executable_path/Frameworks",
				);
				MARKETING_VERSION = 1.0;
				PRODUCT_BUNDLE_IDENTIFIER = tr.com.ahmetazak.mssCyriptex;
				PRODUCT_NAME = "$(TARGET_NAME)";
				SWIFT_EMIT_LOC_STRINGS = YES;
				SWIFT_VERSION = 5.0;
				TARGETED_DEVICE_FAMILY = "1,2";
			};
			name = Release;
		};
/* End XCBuildConfiguration section */

/* Begin XCConfigurationList section */
		AF1A84C82BBD9DE100CC207A /* Build configuration list for PBXProject "mssCyriptex" */ = {
			isa = XCConfigurationList;
			buildConfigurations = (
				AF1A84DF2BBD9DE400CC207A /* Debug */,
				AF1A84E02BBD9DE400CC207A /* Release */,
			);
			defaultConfigurationIsVisible = 0;
			defaultConfigurationName = Release;
		};
		AF1A84E12BBD9DE400CC207A /* Build configuration list for PBXNativeTarget "mssCyriptex" */ = {
			isa = XCConfigurationList;
			buildConfigurations = (
				AF1A84E22BBD9DE400CC207A /* Debug */,
				AF1A84E32BBD9DE400CC207A /* Release */,
			);
			defaultConfigurationIsVisible = 0;
			defaultConfigurationName = Release;
		};
/* End XCConfigurationList section */

/* Begin XCRemoteSwiftPackageReference section */
		AF420F462BC045FD005C9331 /* XCRemoteSwiftPackageReference "RxSwift" */ = {
			isa = XCRemoteSwiftPackageReference;
			repositoryURL = "https://github.com/ReactiveX/RxSwift.git";
			requirement = {
				kind = upToNextMajorVersion;
				minimumVersion = 6.6.0;
			};
		};
/* End XCRemoteSwiftPackageReference section */

/* Begin XCSwiftPackageProductDependency section */
		AF420F532BC045FD005C9331 /* RxSwift */ = {
			isa = XCSwiftPackageProductDependency;
			package = AF420F462BC045FD005C9331 /* XCRemoteSwiftPackageReference "RxSwift" */;
			productName = RxSwift;
		};
		AF420F5F2BC053DF005C9331 /* RxCocoa */ = {
			isa = XCSwiftPackageProductDependency;
			package = AF420F462BC045FD005C9331 /* XCRemoteSwiftPackageReference "RxSwift" */;
			productName = RxCocoa;
		};
/* End XCSwiftPackageProductDependency section */
	};
	rootObject = AF1A84C52BBD9DE100CC207A /* Project object */;
}
